{
    "_readme": [
        "This file locks the dependencies of your project to a known state",
        "Read more about it at https://getcomposer.org/doc/01-basic-usage.md#composer-lock-the-lock-file",
        "This file is @generated automatically"
    ],
    "content-hash": "58d6db98e3e478f34d32db20e1c75e86",
    "packages": [
        {
            "name": "fzaninotto/faker",
            "version": "v1.7.1",
            "source": {
                "type": "git",
                "url": "https://github.com/fzaninotto/Faker.git",
                "reference": "d3ed4cc37051c1ca52d22d76b437d14809fc7e0d"
            },
            "dist": {
                "type": "zip",
                "url": "https://api.github.com/repos/fzaninotto/Faker/zipball/d3ed4cc37051c1ca52d22d76b437d14809fc7e0d",
                "reference": "d3ed4cc37051c1ca52d22d76b437d14809fc7e0d",
                "shasum": ""
            },
            "require": {
                "php": "^5.3.3 || ^7.0"
            },
            "require-dev": {
                "ext-intl": "*",
                "phpunit/phpunit": "^4.0 || ^5.0",
                "squizlabs/php_codesniffer": "^1.5"
            },
            "type": "library",
            "extra": {
                "branch-alias": {
                    "dev-master": "1.8-dev"
                }
            },
            "autoload": {
                "psr-4": {
                    "Faker\\": "src/Faker/"
                }
            },
            "notification-url": "https://packagist.org/downloads/",
            "license": [
                "MIT"
            ],
            "authors": [
                {
                    "name": "François Zaninotto"
                }
            ],
            "description": "Faker is a PHP library that generates fake data for you.",
            "keywords": [
                "data",
                "faker",
                "fixtures"
            ],
            "time": "2017-08-15T16:48:10+00:00"
        },
        {
            "name": "smi2/phpclickhouse",
            "version": "0.17.12.1",
            "source": {
                "type": "git",
                "url": "https://github.com/smi2/phpClickHouse.git",
                "reference": "e0f6c52c7deedfd499ce17f6beac2805c7c6a565"
            },
            "dist": {
                "type": "zip",
                "url": "https://api.github.com/repos/smi2/phpClickHouse/zipball/e0f6c52c7deedfd499ce17f6beac2805c7c6a565",
                "reference": "e0f6c52c7deedfd499ce17f6beac2805c7c6a565",
                "shasum": ""
            },
            "require": {
                "ext-curl": "*",
                "php": ">=5.5.0"
            },
            "require-dev": {
                "ext-curl": "*",
                "phpunit/phpunit": "5.5.*"
            },
            "type": "library",
            "autoload": {
                "files": [
                    "include.php"
                ]
            },
            "notification-url": "https://packagist.org/downloads/",
            "license": [
                "MIT"
            ],
            "authors": [
                {
                    "name": "Igor Strykhar",
                    "email": "isublimity@gmail.com",
                    "homepage": "https://github.com/isublimity"
                }
            ],
            "description": "php ClickHouse client library",
            "homepage": "https://github.com/smi2/phpClickHouse",
            "keywords": [
                "clickhouse",
                "client",
                "curl",
                "driver",
                "http",
                "http client"
            ],
            "time": "2017-12-28T07:40:46+00:00"
        }
    ],
    "packages-dev": [],
    "aliases": [],
    "minimum-stability": "stable",
    "stability-flags": [],
    "prefer-stable": false,
    "prefer-lowest": false,
    "platform": [],
    "platform-dev": []
}
